
Microsoft Visual Studio Solution File, Format Version 12.00
# Visual Studio 15
VisualStudioVersion = 15.0.27428.2011
MinimumVisualStudioVersion = 10.0.40219.1
Project("{FAE04EC0-301F-11D3-BF4B-00C04F79EFBC}") = "EtasaDesktop-Original", "EtasaDesktop\EtasaDesktop-Original.csproj", "{C9CB1936-45C6-424E-9670-F6BD3EFF4CCF}"
EndProject
Global
	GlobalSection(SolutionConfigurationPlatforms) = preSolution
		Debug|Any CPU = Debug|Any CPU
		Release|Any CPU = Release|Any CPU
	EndGlobalSection
	GlobalSection(ProjectConfigurationPlatforms) = postSolution
		{C9CB1936-45C6-424E-9670-F6BD3EFF4CCF}.Debug|Any CPU.ActiveCfg = Debug|Any CPU
		{C9CB1936-45C6-424E-9670-F6BD3EFF4CCF}.Debug|Any CPU.Build.0 = Debug|Any CPU
		{C9CB1936-45C6-424E-9670-F6BD3EFF4CCF}.Release|Any CPU.ActiveCfg = Release|Any CPU
		{C9CB1936-45C6-424E-9670-F6BD3EFF4CCF}.Release|Any CPU.Build.0 = Release|Any CPU
	EndGlobalSection
	GlobalSection(SolutionProperties) = preSolution
		HideSolutionNode = FALSE
	EndGlobalSection
	GlobalSection(ExtensibilityGlobals) = postSolution
		SolutionGuid = {B5A67B32-9079-4100-932E-231B7E24C424}
	EndGlobalSection
EndGlobal
